// !$*UTF8*$!
{
	archiveVersion = 1;
	classes = {
	};
	objectVersion = 55;
	objects = {

/* Begin PBXBuildFile section */
		7B38AF512EFBB136C20A84E6 /* Pods_Restaurant_Guide.framework in Frameworks */ = {isa = PBXBuildFile; fileRef = 2E4AE16A29D45FDC7ACB179F /* Pods_Restaurant_Guide.framework */; };
		FF16E25127D7BB4300778F7A /* AppDelegate.swift in Sources */ = {isa = PBXBuildFile; fileRef = FF16E25027D7BB4300778F7A /* AppDelegate.swift */; };
		FF16E25327D7BB4300778F7A /* SceneDelegate.swift in Sources */ = {isa = PBXBuildFile; fileRef = FF16E25227D7BB4300778F7A /* SceneDelegate.swift */; };
		FF16E25527D7BB4300778F7A /* HomeViewController.swift in Sources */ = {isa = PBXBuildFile; fileRef = FF16E25427D7BB4300778F7A /* HomeViewController.swift */; };
		FF16E25827D7BB4300778F7A /* Main.storyboard in Resources */ = {isa = PBXBuildFile; fileRef = FF16E25627D7BB4300778F7A /* Main.storyboard */; };
		FF16E25A27D7BB4700778F7A /* Assets.xcassets in Resources */ = {isa = PBXBuildFile; fileRef = FF16E25927D7BB4700778F7A /* Assets.xcassets */; };
		FF16E25D27D7BB4700778F7A /* LaunchScreen.storyboard in Resources */ = {isa = PBXBuildFile; fileRef = FF16E25B27D7BB4700778F7A /* LaunchScreen.storyboard */; };
		FF16E26627D7BC7700778F7A /* StylishUI.swift in Sources */ = {isa = PBXBuildFile; fileRef = FF16E26527D7BC7700778F7A /* StylishUI.swift */; };
		FF16E26927D7BED000778F7A /* HomeTableCell.swift in Sources */ = {isa = PBXBuildFile; fileRef = FF16E26827D7BED000778F7A /* HomeTableCell.swift */; };
		FF16E26B27D7BF4700778F7A /* SCReuseCell.swift in Sources */ = {isa = PBXBuildFile; fileRef = FF16E26A27D7BF4700778F7A /* SCReuseCell.swift */; };
		FF16E26E27D7C42300778F7A /* DetailViewController.swift in Sources */ = {isa = PBXBuildFile; fileRef = FF16E26D27D7C42300778F7A /* DetailViewController.swift */; };
		FF16E27027D7C4A800778F7A /* MapVC.swift in Sources */ = {isa = PBXBuildFile; fileRef = FF16E26F27D7C4A800778F7A /* MapVC.swift */; };
		FF16E27227D7C59100778F7A /* BaseViewController.swift in Sources */ = {isa = PBXBuildFile; fileRef = FF16E27127D7C59000778F7A /* BaseViewController.swift */; };
		FF16E27427D7CC9C00778F7A /* AddRestroViewController.swift in Sources */ = {isa = PBXBuildFile; fileRef = FF16E27327D7CC9C00778F7A /* AddRestroViewController.swift */; };
/* End PBXBuildFile section */

/* Begin PBXFileReference section */
		2E4AE16A29D45FDC7ACB179F /* Pods_Restaurant_Guide.framework */ = {isa = PBXFileReference; explicitFileType = wrapper.framework; includeInIndex = 0; path = Pods_Restaurant_Guide.framework; sourceTree = BUILT_PRODUCTS_DIR; };
		A33167A53FB3FDC154EC5BF2 /* Pods-Restaurant Guide.release.xcconfig */ = {isa = PBXFileReference; includeInIndex = 1; lastKnownFileType = text.xcconfig; name = "Pods-Restaurant Guide.release.xcconfig"; path = "Target Support Files/Pods-Restaurant Guide/Pods-Restaurant Guide.release.xcconfig"; sourceTree = "<group>"; };
		E036A3B5BC85B5DC067EB467 /* Pods-Restaurant Guide.debug.xcconfig */ = {isa = PBXFileReference; includeInIndex = 1; lastKnownFileType = text.xcconfig; name = "Pods-Restaurant Guide.debug.xcconfig"; path = "Target Support Files/Pods-Restaurant Guide/Pods-Restaurant Guide.debug.xcconfig"; sourceTree = "<group>"; };
		FF16E24D27D7BB4300778F7A /* Restaurant Guide.app */ = {isa = PBXFileReference; explicitFileType = wrapper.application; includeInIndex = 0; path = "Restaurant Guide.app"; sourceTree = BUILT_PRODUCTS_DIR; };
		FF16E25027D7BB4300778F7A /* AppDelegate.swift */ = {isa = PBXFileReference; lastKnownFileType = sourcecode.swift; path = AppDelegate.swift; sourceTree = "<group>"; };
		FF16E25227D7BB4300778F7A /* SceneDelegate.swift */ = {isa = PBXFileReference; lastKnownFileType = sourcecode.swift; path = SceneDelegate.swift; sourceTree = "<group>"; };
		FF16E25427D7BB4300778F7A /* HomeViewController.swift */ = {isa = PBXFileReference; lastKnownFileType = sourcecode.swift; path = HomeViewController.swift; sourceTree = "<group>"; };
		FF16E25727D7BB4300778F7A /* Base */ = {isa = PBXFileReference; lastKnownFileType = file.storyboard; name = Base; path = Base.lproj/Main.storyboard; sourceTree = "<group>"; };
		FF16E25927D7BB4700778F7A /* Assets.xcassets */ = {isa = PBXFileReference; lastKnownFileType = folder.assetcatalog; path = Assets.xcassets; sourceTree = "<group>"; };
		FF16E25C27D7BB4700778F7A /* Base */ = {isa = PBXFileReference; lastKnownFileType = file.storyboard; name = Base; path = Base.lproj/LaunchScreen.storyboard; sourceTree = "<group>"; };
		FF16E25E27D7BB4700778F7A /* Info.plist */ = {isa = PBXFileReference; lastKnownFileType = text.plist.xml; path = Info.plist; sourceTree = "<group>"; };
		FF16E26527D7BC7700778F7A /* StylishUI.swift */ = {isa = PBXFileReference; fileEncoding = 4; lastKnownFileType = sourcecode.swift; path = StylishUI.swift; sourceTree = "<group>"; };
		FF16E26827D7BED000778F7A /* HomeTableCell.swift */ = {isa = PBXFileReference; lastKnownFileType = sourcecode.swift; path = HomeTableCell.swift; sourceTree = "<group>"; };
		FF16E26A27D7BF4700778F7A /* SCReuseCell.swift */ = {isa = PBXFileReference; fileEncoding = 4; lastKnownFileType = sourcecode.swift; path = SCReuseCell.swift; sourceTree = "<group>"; };
		FF16E26D27D7C42300778F7A /* DetailViewController.swift */ = {isa = PBXFileReference; lastKnownFileType = sourcecode.swift; path = DetailViewController.swift; sourceTree = "<group>"; };
		FF16E26F27D7C4A800778F7A /* MapVC.swift */ = {isa = PBXFileReference; lastKnownFileType = sourcecode.swift; path = MapVC.swift; sourceTree = "<group>"; };
		FF16E27127D7C59000778F7A /* BaseViewController.swift */ = {isa = PBXFileReference; fileEncoding = 4; lastKnownFileType = sourcecode.swift; path = BaseViewController.swift; sourceTree = "<group>"; };
		FF16E27327D7CC9C00778F7A /* AddRestroViewController.swift */ = {isa = PBXFileReference; lastKnownFileType = sourcecode.swift; path = AddRestroViewController.swift; sourceTree = "<group>"; };
/* End PBXFileReference section */

/* Begin PBXFrameworksBuildPhase section */
		FF16E24A27D7BB4300778F7A /* Frameworks */ = {
			isa = PBXFrameworksBuildPhase;
			buildActionMask = 2147483647;
			files = (
				7B38AF512EFBB136C20A84E6 /* Pods_Restaurant_Guide.framework in Frameworks */,
			);
			runOnlyForDeploymentPostprocessing = 0;
		};
/* End PBXFrameworksBuildPhase section */

/* Begin PBXGroup section */
		6CB44A89C7BA7421AE8CF795 /* Pods */ = {
			isa = PBXGroup;
			children = (
				E036A3B5BC85B5DC067EB467 /* Pods-Restaurant Guide.debug.xcconfig */,
				A33167A53FB3FDC154EC5BF2 /* Pods-Restaurant Guide.release.xcconfig */,
			);
			path = Pods;
			sourceTree = "<group>";
		};
		A41BE48CB92474395A0A808C /* Frameworks */ = {
			isa = PBXGroup;
			children = (
				2E4AE16A29D45FDC7ACB179F /* Pods_Restaurant_Guide.framework */,
			);
			name = Frameworks;
			sourceTree = "<group>";
		};
		FF16E24427D7BB4300778F7A = {
			isa = PBXGroup;
			children = (
				FF16E24F27D7BB4300778F7A /* Restaurant Guide */,
				FF16E24E27D7BB4300778F7A /* Products */,
				6CB44A89C7BA7421AE8CF795 /* Pods */,
				A41BE48CB92474395A0A808C /* Frameworks */,
			);
			sourceTree = "<group>";
		};
		FF16E24E27D7BB4300778F7A /* Products */ = {
			isa = PBXGroup;
			children = (
				FF16E24D27D7BB4300778F7A /* Restaurant Guide.app */,
			);
			name = Products;
			sourceTree = "<group>";
		};
		FF16E24F27D7BB4300778F7A /* Restaurant Guide */ = {
			isa = PBXGroup;
			children = (
				FF16E26C27D7C40A00778F7A /* Controllers */,
				FF16E26727D7BEA500778F7A /* Cells */,
				FF16E26427D7BC5900778F7A /* Helper */,
				FF16E25027D7BB4300778F7A /* AppDelegate.swift */,
				FF16E25227D7BB4300778F7A /* SceneDelegate.swift */,
				FF16E25627D7BB4300778F7A /* Main.storyboard */,
				FF16E25927D7BB4700778F7A /* Assets.xcassets */,
				FF16E25B27D7BB4700778F7A /* LaunchScreen.storyboard */,
				FF16E25E27D7BB4700778F7A /* Info.plist */,
			);
			path = "Restaurant Guide";
			sourceTree = "<group>";
		};
		FF16E26427D7BC5900778F7A /* Helper */ = {
			isa = PBXGroup;
			children = (
				FF16E26A27D7BF4700778F7A /* SCReuseCell.swift */,
				FF16E26527D7BC7700778F7A /* StylishUI.swift */,
			);
			path = Helper;
			sourceTree = "<group>";
		};
		FF16E26727D7BEA500778F7A /* Cells */ = {
			isa = PBXGroup;
			children = (
				FF16E26827D7BED000778F7A /* HomeTableCell.swift */,
			);
			path = Cells;
			sourceTree = "<group>";
		};
		FF16E26C27D7C40A00778F7A /* Controllers */ = {
			isa = PBXGroup;
			children = (
				FF16E27127D7C59000778F7A /* BaseViewController.swift */,
				FF16E26D27D7C42300778F7A /* DetailViewController.swift */,
				FF16E25427D7BB4300778F7A /* HomeViewController.swift */,
				FF16E26F27D7C4A800778F7A /* MapVC.swift */,
				FF16E27327D7CC9C00778F7A /* AddRestroViewController.swift */,
			);
			path = Controllers;
			sourceTree = "<group>";
		};
/* End PBXGroup section */

/* Begin PBXNativeTarget section */
		FF16E24C27D7BB4300778F7A /* Restaurant Guide */ = {
			isa = PBXNativeTarget;
			buildConfigurationList = FF16E26127D7BB4700778F7A /* Build configuration list for PBXNativeTarget "Restaurant Guide" */;
			buildPhases = (
				FE8A25E815A9AA996F1C1B24 /* [CP] Check Pods Manifest.lock */,
				FF16E24927D7BB4300778F7A /* Sources */,
				FF16E24A27D7BB4300778F7A /* Frameworks */,
				FF16E24B27D7BB4300778F7A /* Resources */,
				BBAA527FE2551BAE06719436 /* [CP] Embed Pods Frameworks */,
			);
			buildRules = (
			);
			dependencies = (
			);
			name = "Restaurant Guide";
			productName = "Restaurant Guide";
			productReference = FF16E24D27D7BB4300778F7A /* Restaurant Guide.app */;
			productType = "com.apple.product-type.application";
		};
/* End PBXNativeTarget section */

/* Begin PBXProject section */
		FF16E24527D7BB4300778F7A /* Project object */ = {
			isa = PBXProject;
			attributes = {
				BuildIndependentTargetsInParallel = 1;
				LastSwiftUpdateCheck = 1320;
				LastUpgradeCheck = 1320;
				TargetAttributes = {
					FF16E24C27D7BB4300778F7A = {
						CreatedOnToolsVersion = 13.2;
					};
				};
			};
			buildConfigurationList = FF16E24827D7BB4300778F7A /* Build configuration list for PBXProject "Restaurant Guide" */;
			compatibilityVersion = "Xcode 13.0";
			developmentRegion = en;
			hasScannedForEncodings = 0;
			knownRegions = (
				en,
				Base,
			);
			mainGroup = FF16E24427D7BB4300778F7A;
			productRefGroup = FF16E24E27D7BB4300778F7A /* Products */;
			projectDirPath = "";
			projectRoot = "";
			targets = (
				FF16E24C27D7BB4300778F7A /* Restaurant Guide */,
			);
		};
/* End PBXProject section */

/* Begin PBXResourcesBuildPhase section */
		FF16E24B27D7BB4300778F7A /* Resources */ = {
			isa = PBXResourcesBuildPhase;
			buildActionMask = 2147483647;
			files = (
				FF16E25D27D7BB4700778F7A /* LaunchScreen.storyboard in Resources */,
				FF16E25A27D7BB4700778F7A /* Assets.xcassets in Resources */,
				FF16E25827D7BB4300778F7A /* Main.storyboard in Resources */,
			);
			runOnlyForDeploymentPostprocessing = 0;
		};
/* End PBXResourcesBuildPhase section */

/* Begin PBXShellScriptBuildPhase section */
		BBAA527FE2551BAE06719436 /* [CP] Embed Pods Frameworks */ = {
			isa = PBXShellScriptBuildPhase;
			buildActionMask = 2147483647;
			files = (
			);
			inputFileListPaths = (
				"${PODS_ROOT}/Target Support Files/Pods-Restaurant Guide/Pods-Restaurant Guide-frameworks-${CONFIGURATION}-input-files.xcfilelist",
			);
			name = "[CP] Embed Pods Frameworks";
			outputFileListPaths = (
				"${PODS_ROOT}/Target Support Files/Pods-Restaurant Guide/Pods-Restaurant Guide-frameworks-${CONFIGURATION}-output-files.xcfilelist",
			);
			runOnlyForDeploymentPostprocessing = 0;
			shellPath = /bin/sh;
			shellScript = "\"${PODS_ROOT}/Target Support Files/Pods-Restaurant Guide/Pods-Restaurant Guide-frameworks.sh\"\n";
			showEnvVarsInLog = 0;
		};
		FE8A25E815A9AA996F1C1B24 /* [CP] Check Pods Manifest.lock */ = {
			isa = PBXShellScriptBuildPhase;
			buildActionMask = 2147483647;
			files = (
			);
			inputFileListPaths = (
			);
			inputPaths = (
				"${PODS_PODFILE_DIR_PATH}/Podfile.lock",
				"${PODS_ROOT}/Manifest.lock",
			);
			name = "[CP] Check Pods Manifest.lock";
			outputFileListPaths = (
			);
			outputPaths = (
				"$(DERIVED_FILE_DIR)/Pods-Restaurant Guide-checkManifestLockResult.txt",
			);
			runOnlyForDeploymentPostprocessing = 0;
			shellPath = /bin/sh;
			shellScript = "diff \"${PODS_PODFILE_DIR_PATH}/Podfile.lock\" \"${PODS_ROOT}/Manifest.lock\" > /dev/null\nif [ $? != 0 ] ; then\n    # print error to STDERR\n    echo \"error: The sandbox is not in sync with the Podfile.lock. Run 'pod install' or update your CocoaPods installation.\" >&2\n    exit 1\nfi\n# This output is used by Xcode 'outputs' to avoid re-running this script phase.\necho \"SUCCESS\" > \"${SCRIPT_OUTPUT_FILE_0}\"\n";
			showEnvVarsInLog = 0;
		};
/* End PBXShellScriptBuildPhase section */

/* Begin PBXSourcesBuildPhase section */
		FF16E24927D7BB4300778F7A /* Sources */ = {
			isa = PBXSourcesBuildPhase;
			buildActionMask = 2147483647;
			files = (
				FF16E26B27D7BF4700778F7A /* SCReuseCell.swift in Sources */,
				FF16E25527D7BB4300778F7A /* HomeViewController.swift in Sources */,
				FF16E25127D7BB4300778F7A /* AppDelegate.swift in Sources */,
				FF16E26627D7BC7700778F7A /* StylishUI.swift in Sources */,
				FF16E26927D7BED000778F7A /* HomeTableCell.swift in Sources */,
				FF16E27427D7CC9C00778F7A /* AddRestroViewController.swift in Sources */,
				FF16E27227D7C59100778F7A /* BaseViewController.swift in Sources */,
				FF16E27027D7C4A800778F7A /* MapVC.swift in Sources */,
				FF16E25327D7BB4300778F7A /* SceneDelegate.swift in Sources */,
				FF16E26E27D7C42300778F7A /* DetailViewController.swift in Sources */,
			);
			runOnlyForDeploymentPostprocessing = 0;
		};
/* End PBXSourcesBuildPhase section */

/* Begin PBXVariantGroup section */
		FF16E25627D7BB4300778F7A /* Main.storyboard */ = {
			isa = PBXVariantGroup;
			children = (
				FF16E25727D7BB4300778F7A /* Base */,
			);
			name = Main.storyboard;
			sourceTree = "<group>";
		};
		FF16E25B27D7BB4700778F7A /* LaunchScreen.storyboard */ = {
			isa = PBXVariantGroup;
			children = (
				FF16E25C27D7BB4700778F7A /* Base */,
			);
			name = LaunchScreen.storyboard;
			sourceTree = "<group>";
		};
/* End PBXVariantGroup section */

/* Begin XCBuildConfiguration section */
		FF16E25F27D7BB4700778F7A /* Debug */ = {
			isa = XCBuildConfiguration;
			buildSettings = {
				ALWAYS_SEARCH_USER_PATHS = NO;
				CLANG_ANALYZER_NONNULL = YES;
				CLANG_ANALYZER_NUMBER_OBJECT_CONVERSION = YES_AGGRESSIVE;
				CLANG_CXX_LANGUAGE_STANDARD = "gnu++17";
				CLANG_CXX_LIBRARY = "libc++";
				CLANG_ENABLE_MODULES = YES;
				CLANG_ENABLE_OBJC_ARC = YES;
				CLANG_ENABLE_OBJC_WEAK = YES;
				CLANG_WARN_BLOCK_CAPTURE_AUTORELEASING = YES;
				CLANG_WARN_BOOL_CONVERSION = YES;
				CLANG_WARN_COMMA = YES;
				CLANG_WARN_CONSTANT_CONVERSION = YES;
				CLANG_WARN_DEPRECATED_OBJC_IMPLEMENTATIONS = YES;
				CLANG_WARN_DIRECT_OBJC_ISA_USAGE = YES_ERROR;
				CLANG_WARN_DOCUMENTATION_COMMENTS = YES;
				CLANG_WARN_EMPTY_BODY = YES;
				CLANG_WARN_ENUM_CONVERSION = YES;
				CLANG_WARN_INFINITE_RECURSION = YES;
				CLANG_WARN_INT_CONVERSION = YES;
				CLANG_WARN_NON_LITERAL_NULL_CONVERSION = YES;
				CLANG_WARN_OBJC_IMPLICIT_RETAIN_SELF = YES;
				CLANG_WARN_OBJC_LITERAL_CONVERSION = YES;
				CLANG_WARN_OBJC_ROOT_CLASS = YES_ERROR;
				CLANG_WARN_QUOTED_INCLUDE_IN_FRAMEWORK_HEADER = YES;
				CLANG_WARN_RANGE_LOOP_ANALYSIS = YES;
				CLANG_WARN_STRICT_PROTOTYPES = YES;
				CLANG_WARN_SUSPICIOUS_MOVE = YES;
				CLANG_WARN_UNGUARDED_AVAILABILITY = YES_AGGRESSIVE;
				CLANG_WARN_UNREACHABLE_CODE = YES;
				CLANG_WARN__DUPLICATE_METHOD_MATCH = YES;
				COPY_PHASE_STRIP = NO;
				DEBUG_INFORMATION_FORMAT = dwarf;
				ENABLE_STRICT_OBJC_MSGSEND = YES;
				ENABLE_TESTABILITY = YES;
				GCC_C_LANGUAGE_STANDARD = gnu11;
				GCC_DYNAMIC_NO_PIC = NO;
				GCC_NO_COMMON_BLOCKS = YES;
				GCC_OPTIMIZATION_LEVEL = 0;
				GCC_PREPROCESSOR_DEFINITIONS = (
					"DEBUG=1",
					"$(inherited)",
				);
				GCC_WARN_64_TO_32_BIT_CONVERSION = YES;
				GCC_WARN_ABOUT_RETURN_TYPE = YES_ERROR;
				GCC_WARN_UNDECLARED_SELECTOR = YES;
				GCC_WARN_UNINITIALIZED_AUTOS = YES_AGGRESSIVE;
				GCC_WARN_UNUSED_FUNCTION = YES;
				GCC_WARN_UNUSED_VARIABLE = YES;
				IPHONEOS_DEPLOYMENT_TARGET = 15.2;
				MTL_ENABLE_DEBUG_INFO = INCLUDE_SOURCE;
				MTL_FAST_MATH = YES;
				ONLY_ACTIVE_ARCH = YES;
				SDKROOT = iphoneos;
				SWIFT_ACTIVE_COMPILATION_CONDITIONS = DEBUG;
				SWIFT_OPTIMIZATION_LEVEL = "-Onone";
			};
			name = Debug;
		};
		FF16E26027D7BB4700778F7A /* Release */ = {
			isa = XCBuildConfiguration;
			buildSettings = {
				ALWAYS_SEARCH_USER_PATHS = NO;
				CLANG_ANALYZER_NONNULL = YES;
				CLANG_ANALYZER_NUMBER_OBJECT_CONVERSION = YES_AGGRESSIVE;
				CLANG_CXX_LANGUAGE_STANDARD = "gnu++17";
				CLANG_CXX_LIBRARY = "libc++";
				CLANG_ENABLE_MODULES = YES;
				CLANG_ENABLE_OBJC_ARC = YES;
				CLANG_ENABLE_OBJC_WEAK = YES;
				CLANG_WARN_BLOCK_CAPTURE_AUTORELEASING = YES;
				CLANG_WARN_BOOL_CONVERSION = YES;
				CLANG_WARN_COMMA = YES;
				CLANG_WARN_CONSTANT_CONVERSION = YES;
				CLANG_WARN_DEPRECATED_OBJC_IMPLEMENTATIONS = YES;
				CLANG_WARN_DIRECT_OBJC_ISA_USAGE = YES_ERROR;
				CLANG_WARN_DOCUMENTATION_COMMENTS = YES;
				CLANG_WARN_EMPTY_BODY = YES;
				CLANG_WARN_ENUM_CONVERSION = YES;
				CLANG_WARN_INFINITE_RECURSION = YES;
				CLANG_WARN_INT_CONVERSION = YES;
				CLANG_WARN_NON_LITERAL_NULL_CONVERSION = YES;
				CLANG_WARN_OBJC_IMPLICIT_RETAIN_SELF = YES;
				CLANG_WARN_OBJC_LITERAL_CONVERSION = YES;
				CLANG_WARN_OBJC_ROOT_CLASS = YES_ERROR;
				CLANG_WARN_QUOTED_INCLUDE_IN_FRAMEWORK_HEADER = YES;
				CLANG_WARN_RANGE_LOOP_ANALYSIS = YES;
				CLANG_WARN_STRICT_PROTOTYPES = YES;
				CLANG_WARN_SUSPICIOUS_MOVE = YES;
				CLANG_WARN_UNGUARDED_AVAILABILITY = YES_AGGRESSIVE;
				CLANG_WARN_UNREACHABLE_CODE = YES;
				CLANG_WARN__DUPLICATE_METHOD_MATCH = YES;
				COPY_PHASE_STRIP = NO;
				DEBUG_INFORMATION_FORMAT = "dwarf-with-dsym";
				ENABLE_NS_ASSERTIONS = NO;
				ENABLE_STRICT_OBJC_MSGSEND = YES;
				GCC_C_LANGUAGE_STANDARD = gnu11;
				GCC_NO_COMMON_BLOCKS = YES;
				GCC_WARN_64_TO_32_BIT_CONVERSION = YES;
				GCC_WARN_ABOUT_RETURN_TYPE = YES_ERROR;
				GCC_WARN_UNDECLARED_SELECTOR = YES;
				GCC_WARN_UNINITIALIZED_AUTOS = YES_AGGRESSIVE;
				GCC_WARN_UNUSED_FUNCTION = YES;
				GCC_WARN_UNUSED_VARIABLE = YES;
				IPHONEOS_DEPLOYMENT_TARGET = 15.2;
				MTL_ENABLE_DEBUG_INFO = NO;
				MTL_FAST_MATH = YES;
				SDKROOT = iphoneos;
				SWIFT_COMPILATION_MODE = wholemodule;
				SWIFT_OPTIMIZATION_LEVEL = "-O";
				VALIDATE_PRODUCT = YES;
			};
			name = Release;
		};
		FF16E26227D7BB4700778F7A /* Debug */ = {
			isa = XCBuildConfiguration;
			baseConfigurationReference = E036A3B5BC85B5DC067EB467 /* Pods-Restaurant Guide.debug.xcconfig */;
			buildSettings = {
				ASSETCATALOG_COMPILER_APPICON_NAME = AppIcon;
				ASSETCATALOG_COMPILER_GLOBAL_ACCENT_COLOR_NAME = AccentColor;
				CODE_SIGN_STYLE = Automatic;
				CURRENT_PROJECT_VERSION = 1;
				GENERATE_INFOPLIST_FILE = YES;
				INFOPLIST_FILE = "Restaurant Guide/Info.plist";
				INFOPLIST_KEY_UIApplicationSupportsIndirectInputEvents = YES;
				INFOPLIST_KEY_UILaunchStoryboardName = LaunchScreen;
				INFOPLIST_KEY_UIMainStoryboardFile = Main;
				INFOPLIST_KEY_UISupportedInterfaceOrientations_iPad = "UIInterfaceOrientationPortrait UIInterfaceOrientationPortraitUpsideDown UIInterfaceOrientationLandscapeLeft UIInterfaceOrientationLandscapeRight";
				INFOPLIST_KEY_UISupportedInterfaceOrientations_iPhone = "UIInterfaceOrientationPortrait UIInterfaceOrientationLandscapeLeft UIInterfaceOrientationLandscapeRight";
				LD_RUNPATH_SEARCH_PATHS = (
					"$(inherited)",
					"@executable_path/Frameworks",
				);
				MARKETING_VERSION = 1.0;
				PRODUCT_BUNDLE_IDENTIFIER = "com.Restaurant-Guide";
				PRODUCT_NAME = "$(TARGET_NAME)";
				SWIFT_EMIT_LOC_STRINGS = YES;
				SWIFT_VERSION = 5.0;
				TARGETED_DEVICE_FAMILY = "1,2";
			};
			name = Debug;
		};
		FF16E26327D7BB4700778F7A /* Release */ = {
			isa = XCBuildConfiguration;
			baseConfigurationReference = A33167A53FB3FDC154EC5BF2 /* Pods-Restaurant Guide.release.xcconfig */;
			buildSettings = {
				ASSETCATALOG_COMPILER_APPICON_NAME = AppIcon;
				ASSETCATALOG_COMPILER_GLOBAL_ACCENT_COLOR_NAME = AccentColor;
				CODE_SIGN_STYLE = Automatic;
				CURRENT_PROJECT_VERSION = 1;
				GENERATE_INFOPLIST_FILE = YES;
				INFOPLIST_FILE = "Restaurant Guide/Info.plist";
				INFOPLIST_KEY_UIApplicationSupportsIndirectInputEvents = YES;
				INFOPLIST_KEY_UILaunchStoryboardName = LaunchScreen;
				INFOPLIST_KEY_UIMainStoryboardFile = Main;
				INFOPLIST_KEY_UISupportedInterfaceOrientations_iPad = "UIInterfaceOrientationPortrait UIInterfaceOrientationPortraitUpsideDown UIInterfaceOrientationLandscapeLeft UIInterfaceOrientationLandscapeRight";
				INFOPLIST_KEY_UISupportedInterfaceOrientations_iPhone = "UIInterfaceOrientationPortrait UIInterfaceOrientationLandscapeLeft UIInterfaceOrientationLandscapeRight";
				LD_RUNPATH_SEARCH_PATHS = (
					"$(inherited)",
					"@executable_path/Frameworks",
				);
				MARKETING_VERSION = 1.0;
				PRODUCT_BUNDLE_IDENTIFIER = "com.Restaurant-Guide";
				PRODUCT_NAME = "$(TARGET_NAME)";
				SWIFT_EMIT_LOC_STRINGS = YES;
				SWIFT_VERSION = 5.0;
				TARGETED_DEVICE_FAMILY = "1,2";
			};
			name = Release;
		};
/* End XCBuildConfiguration section */

/* Begin XCConfigurationList section */
		FF16E24827D7BB4300778F7A /* Build configuration list for PBXProject "Restaurant Guide" */ = {
			isa = XCConfigurationList;
			buildConfigurations = (
				FF16E25F27D7BB4700778F7A /* Debug */,
				FF16E26027D7BB4700778F7A /* Release */,
			);
			defaultConfigurationIsVisible = 0;
			defaultConfigurationName = Release;
		};
		FF16E26127D7BB4700778F7A /* Build configuration list for PBXNativeTarget "Restaurant Guide" */ = {
			isa = XCConfigurationList;
			buildConfigurations = (
				FF16E26227D7BB4700778F7A /* Debug */,
				FF16E26327D7BB4700778F7A /* Release */,
			);
			defaultConfigurationIsVisible = 0;
			defaultConfigurationName = Release;
		};
/* End XCConfigurationList section */
	};
	rootObject = FF16E24527D7BB4300778F7A /* Project object */;
}
